
Microsoft Visual Studio Solution File, Format Version 12.00
# Visual Studio Version 16
VisualStudioVersion = 16.0.31613.86
MinimumVisualStudioVersion = 10.0.40219.1
Project("{FAE04EC0-301F-11D3-BF4B-00C04F79EFBC}") = "NetFrameworkTestApp", "NetFrameworkTestApp\NetFrameworkTestApp.csproj", "{956AA3EA-FD6C-4ACA-8DB7-B35C582CDA89}"
EndProject
Global
	GlobalSection(SolutionConfigurationPlatforms) = preSolution
		Debug|Any CPU = Debug|Any CPU
		Release|Any CPU = Release|Any CPU
	EndGlobalSection
	GlobalSection(ProjectConfigurationPlatforms) = postSolution
		{956AA3EA-FD6C-4ACA-8DB7-B35C582CDA89}.Debug|Any CPU.ActiveCfg = Debug|Any CPU
		{956AA3EA-FD6C-4ACA-8DB7-B35C582CDA89}.Debug|Any CPU.Build.0 = Debug|Any CPU
		{956AA3EA-FD6C-4ACA-8DB7-B35C582CDA89}.Release|Any CPU.ActiveCfg = Release|Any CPU
		{956AA3EA-FD6C-4ACA-8DB7-B35C582CDA89}.Release|Any CPU.Build.0 = Release|Any CPU
	EndGlobalSection
	GlobalSection(SolutionProperties) = preSolution
		HideSolutionNode = FALSE
	EndGlobalSection
	GlobalSection(ExtensibilityGlobals) = postSolution
		SolutionGuid = {10B4B07C-1CD2-4731-ADCB-8CA9D8BACD44}
	EndGlobalSection
EndGlobal
